
Microsoft Visual Studio Solution File, Format Version 12.00
# Visual Studio Version 17
VisualStudioVersion = 17.4.33205.214
MinimumVisualStudioVersion = 10.0.40219.1
Project("{FAE04EC0-301F-11D3-BF4B-00C04F79EFBC}") = "CastleGame", "CastleGame\CastleGame.csproj", "{F7BA0624-2228-4526-9CE4-06473F0F2FBF}"
EndProject
Global
	GlobalSection(SolutionConfigurationPlatforms) = preSolution
		Debug|Any CPU = Debug|Any CPU
		Release|Any CPU = Release|Any CPU
	EndGlobalSection
	GlobalSection(ProjectConfigurationPlatforms) = postSolution
		{F7BA0624-2228-4526-9CE4-06473F0F2FBF}.Debug|Any CPU.ActiveCfg = Debug|Any CPU
		{F7BA0624-2228-4526-9CE4-06473F0F2FBF}.Debug|Any CPU.Build.0 = Debug|Any CPU
		{F7BA0624-2228-4526-9CE4-06473F0F2FBF}.Release|Any CPU.ActiveCfg = Release|Any CPU
		{F7BA0624-2228-4526-9CE4-06473F0F2FBF}.Release|Any CPU.Build.0 = Release|Any CPU
	EndGlobalSection
	GlobalSection(SolutionProperties) = preSolution
		HideSolutionNode = FALSE
	EndGlobalSection
	GlobalSection(ExtensibilityGlobals) = postSolution
		SolutionGuid = {F188ADD8-65D0-4CFA-91EA-A47F8D75CC63}
	EndGlobalSection
EndGlobal
